
Microsoft Visual Studio Solution File, Format Version 12.00
# Visual Studio 15
VisualStudioVersion = 15.0.27428.2011
MinimumVisualStudioVersion = 10.0.40219.1
Project("{FAE04EC0-301F-11D3-BF4B-00C04F79EFBC}") = "DueThursdayJSproject", "DueThursdayJSproject\DueThursdayJSproject.csproj", "{A3549EAF-CC8A-40B6-8539-6C5001B63BD6}"
EndProject
Global
	GlobalSection(SolutionConfigurationPlatforms) = preSolution
		Debug|Any CPU = Debug|Any CPU
		Release|Any CPU = Release|Any CPU
	EndGlobalSection
	GlobalSection(ProjectConfigurationPlatforms) = postSolution
		{A3549EAF-CC8A-40B6-8539-6C5001B63BD6}.Debug|Any CPU.ActiveCfg = Debug|Any CPU
		{A3549EAF-CC8A-40B6-8539-6C5001B63BD6}.Debug|Any CPU.Build.0 = Debug|Any CPU
		{A3549EAF-CC8A-40B6-8539-6C5001B63BD6}.Release|Any CPU.ActiveCfg = Release|Any CPU
		{A3549EAF-CC8A-40B6-8539-6C5001B63BD6}.Release|Any CPU.Build.0 = Release|Any CPU
	EndGlobalSection
	GlobalSection(SolutionProperties) = preSolution
		HideSolutionNode = FALSE
	EndGlobalSection
	GlobalSection(ExtensibilityGlobals) = postSolution
		SolutionGuid = {42430CE4-586B-4A96-A2E1-2EF7214C5E0E}
	EndGlobalSection
EndGlobal
